
Microsoft Visual Studio Solution File, Format Version 12.00
# Visual Studio 15
VisualStudioVersion = 15.0.27004.2006
MinimumVisualStudioVersion = 10.0.40219.1
Project("{FAE04EC0-301F-11D3-BF4B-00C04F79EFBC}") = "Game.ActorModel", "Game.ActorModel\Game.ActorModel.csproj", "{2CF51C3B-F0E4-4F43-AEAE-9A51B8E34048}"
EndProject
Project("{FAE04EC0-301F-11D3-BF4B-00C04F79EFBC}") = "Game.Web", "Game.Web\Game.Web.csproj", "{27BBFF89-0E76-4608-9F72-55C00D128B23}"
EndProject
Project("{FAE04EC0-301F-11D3-BF4B-00C04F79EFBC}") = "Game.State", "Game.State\Game.State.csproj", "{FBFBCB6F-5E8C-4239-9AC9-2F18A7857483}"
EndProject
Global
	GlobalSection(SolutionConfigurationPlatforms) = preSolution
		Debug|Any CPU = Debug|Any CPU
		Release|Any CPU = Release|Any CPU
	EndGlobalSection
	GlobalSection(ProjectConfigurationPlatforms) = postSolution
		{2CF51C3B-F0E4-4F43-AEAE-9A51B8E34048}.Debug|Any CPU.ActiveCfg = Debug|Any CPU
		{2CF51C3B-F0E4-4F43-AEAE-9A51B8E34048}.Debug|Any CPU.Build.0 = Debug|Any CPU
		{2CF51C3B-F0E4-4F43-AEAE-9A51B8E34048}.Release|Any CPU.ActiveCfg = Release|Any CPU
		{2CF51C3B-F0E4-4F43-AEAE-9A51B8E34048}.Release|Any CPU.Build.0 = Release|Any CPU
		{27BBFF89-0E76-4608-9F72-55C00D128B23}.Debug|Any CPU.ActiveCfg = Debug|Any CPU
		{27BBFF89-0E76-4608-9F72-55C00D128B23}.Debug|Any CPU.Build.0 = Debug|Any CPU
		{27BBFF89-0E76-4608-9F72-55C00D128B23}.Release|Any CPU.ActiveCfg = Release|Any CPU
		{27BBFF89-0E76-4608-9F72-55C00D128B23}.Release|Any CPU.Build.0 = Release|Any CPU
		{FBFBCB6F-5E8C-4239-9AC9-2F18A7857483}.Debug|Any CPU.ActiveCfg = Debug|Any CPU
		{FBFBCB6F-5E8C-4239-9AC9-2F18A7857483}.Debug|Any CPU.Build.0 = Debug|Any CPU
		{FBFBCB6F-5E8C-4239-9AC9-2F18A7857483}.Release|Any CPU.ActiveCfg = Release|Any CPU
		{FBFBCB6F-5E8C-4239-9AC9-2F18A7857483}.Release|Any CPU.Build.0 = Release|Any CPU
	EndGlobalSection
	GlobalSection(SolutionProperties) = preSolution
		HideSolutionNode = FALSE
	EndGlobalSection
	GlobalSection(ExtensibilityGlobals) = postSolution
		SolutionGuid = {9DEA7E98-EBD6-452C-8E9E-2C711EB9255A}
	EndGlobalSection
EndGlobal
